
Microsoft Visual Studio Solution File, Format Version 12.00
# Visual Studio Version 17
VisualStudioVersion = 17.10.34707.107
MinimumVisualStudioVersion = 10.0.40219.1
Project("{FAE04EC0-301F-11D3-BF4B-00C04F79EFBC}") = "wNget", "wNget\wNget.csproj", "{ED5047EF-D329-4C79-8F06-18826956D2D4}"
EndProject
Global
	GlobalSection(SolutionConfigurationPlatforms) = preSolution
		Debug|Any CPU = Debug|Any CPU
		Release|Any CPU = Release|Any CPU
	EndGlobalSection
	GlobalSection(ProjectConfigurationPlatforms) = postSolution
		{ED5047EF-D329-4C79-8F06-18826956D2D4}.Debug|Any CPU.ActiveCfg = Debug|Any CPU
		{ED5047EF-D329-4C79-8F06-18826956D2D4}.Debug|Any CPU.Build.0 = Debug|Any CPU
		{ED5047EF-D329-4C79-8F06-18826956D2D4}.Release|Any CPU.ActiveCfg = Release|Any CPU
		{ED5047EF-D329-4C79-8F06-18826956D2D4}.Release|Any CPU.Build.0 = Release|Any CPU
	EndGlobalSection
	GlobalSection(SolutionProperties) = preSolution
		HideSolutionNode = FALSE
	EndGlobalSection
	GlobalSection(ExtensibilityGlobals) = postSolution
		SolutionGuid = {3A2FB102-AC27-4198-8ED2-8E04E06C5B06}
	EndGlobalSection
EndGlobal
